
Microsoft Visual Studio Solution File, Format Version 12.00
# Visual Studio Version 17
VisualStudioVersion = 17.14.36616.10
MinimumVisualStudioVersion = 10.0.40219.1
Project("{8BC9CEB8-8B4A-11D0-8D11-00A0C91BC942}") = "TeensyCANDumper", "TeensyCANDumper.vcxproj", "{FBFDD03D-8C82-EC84-1654-A3C6E418479D}"
EndProject
Global
	GlobalSection(SolutionConfigurationPlatforms) = preSolution
		Debug|ARM = Debug|ARM
		Debug|ARM64 = Debug|ARM64
		Release|ARM = Release|ARM
		Release|ARM64 = Release|ARM64
	EndGlobalSection
	GlobalSection(ProjectConfigurationPlatforms) = postSolution
		{FBFDD03D-8C82-EC84-1654-A3C6E418479D}.Debug|ARM.ActiveCfg = Debug|ARM
		{FBFDD03D-8C82-EC84-1654-A3C6E418479D}.Debug|ARM.Build.0 = Debug|ARM
		{FBFDD03D-8C82-EC84-1654-A3C6E418479D}.Debug|ARM.Deploy.0 = Debug|ARM
		{FBFDD03D-8C82-EC84-1654-A3C6E418479D}.Debug|ARM64.ActiveCfg = Debug|ARM64
		{FBFDD03D-8C82-EC84-1654-A3C6E418479D}.Debug|ARM64.Build.0 = Debug|ARM64
		{FBFDD03D-8C82-EC84-1654-A3C6E418479D}.Debug|ARM64.Deploy.0 = Debug|ARM64
		{FBFDD03D-8C82-EC84-1654-A3C6E418479D}.Release|ARM.ActiveCfg = Release|ARM
		{FBFDD03D-8C82-EC84-1654-A3C6E418479D}.Release|ARM.Build.0 = Release|ARM
		{FBFDD03D-8C82-EC84-1654-A3C6E418479D}.Release|ARM.Deploy.0 = Release|ARM
		{FBFDD03D-8C82-EC84-1654-A3C6E418479D}.Release|ARM64.ActiveCfg = Release|ARM64
		{FBFDD03D-8C82-EC84-1654-A3C6E418479D}.Release|ARM64.Build.0 = Release|ARM64
		{FBFDD03D-8C82-EC84-1654-A3C6E418479D}.Release|ARM64.Deploy.0 = Release|ARM64
	EndGlobalSection
	GlobalSection(SolutionProperties) = preSolution
		HideSolutionNode = FALSE
	EndGlobalSection
	GlobalSection(ExtensibilityGlobals) = postSolution
		SolutionGuid = {79B308A0-1665-4E74-89F2-D727767B699D}
	EndGlobalSection
EndGlobal
